
Microsoft Visual Studio Solution File, Format Version 12.00
# Visual Studio Version 17
VisualStudioVersion = 17.9.34701.34
MinimumVisualStudioVersion = 10.0.40219.1
Project("{9A19103F-16F7-4668-BE54-9A1E7A4F7556}") = "DogsApp.Core", "DogsApp.Core.csproj", "{299F8EA5-2F35-4B78-B0EA-E7DA05097B3C}"
EndProject
Global
	GlobalSection(SolutionConfigurationPlatforms) = preSolution
		Debug|Any CPU = Debug|Any CPU
		Release|Any CPU = Release|Any CPU
	EndGlobalSection
	GlobalSection(ProjectConfigurationPlatforms) = postSolution
		{299F8EA5-2F35-4B78-B0EA-E7DA05097B3C}.Debug|Any CPU.ActiveCfg = Debug|Any CPU
		{299F8EA5-2F35-4B78-B0EA-E7DA05097B3C}.Debug|Any CPU.Build.0 = Debug|Any CPU
		{299F8EA5-2F35-4B78-B0EA-E7DA05097B3C}.Release|Any CPU.ActiveCfg = Release|Any CPU
		{299F8EA5-2F35-4B78-B0EA-E7DA05097B3C}.Release|Any CPU.Build.0 = Release|Any CPU
	EndGlobalSection
	GlobalSection(SolutionProperties) = preSolution
		HideSolutionNode = FALSE
	EndGlobalSection
	GlobalSection(ExtensibilityGlobals) = postSolution
		SolutionGuid = {EC64DCC5-BF14-4306-82A1-2306624F713B}
	EndGlobalSection
EndGlobal
